{
  "name": "toml-merge",
  "version": "2.0.1",
  "lockfileVersion": 1,
  "requires": true,
  "dependencies": {
    "@iarna/toml": {
      "version": "2.2.3",
      "resolved": "https://registry.npmjs.org/@iarna/toml/-/toml-2.2.3.tgz",
      "integrity": "sha512-FmuxfCuolpLl0AnQ2NHSzoUKWEJDFl63qXjzdoWBVyFCXzMGm1spBzk7LeHNoVCiWCF7mRVms9e6jEV9+MoPbg=="
    },
    "is-plain-obj": {
      "version": "2.0.0",
      "resolved": "https://registry.npmjs.org/is-plain-obj/-/is-plain-obj-2.0.0.tgz",
      "integrity": "sha512-EYisGhpgSCwspmIuRHGjROWTon2Xp8Z7U03Wubk/bTL5TTRC5R1rGVgyjzBrk9+ULdH6cRD06KRcw/xfqhVYKQ=="
    },
    "merge-options": {
      "version": "2.0.0",
      "resolved": "https://registry.npmjs.org/merge-options/-/merge-options-2.0.0.tgz",
      "integrity": "sha512-S7xYIeWHl2ZUKF7SDeBhGg6rfv5bKxVBdk95s/I7wVF8d+hjLSztJ/B271cnUiF6CAFduEQ5Zn3HYwAjT16DlQ==",
      "requires": {
        "is-plain-obj": "^2.0.0"
      }
    }
  }
}
